
Microsoft Visual Studio Solution File, Format Version 12.00
# Visual Studio 15
VisualStudioVersion = 15.0.27428.1
MinimumVisualStudioVersion = 10.0.40219.1
Project("{FAE04EC0-301F-11D3-BF4B-00C04F79EFBC}") = "proyectoFinal1", "proyectoFinal1\proyectoFinal1.csproj", "{3A515270-3AF5-4E8E-BA6E-B7A4317CABEC}"
EndProject
Global
	GlobalSection(SolutionConfigurationPlatforms) = preSolution
		Debug|Any CPU = Debug|Any CPU
		Release|Any CPU = Release|Any CPU
	EndGlobalSection
	GlobalSection(ProjectConfigurationPlatforms) = postSolution
		{3A515270-3AF5-4E8E-BA6E-B7A4317CABEC}.Debug|Any CPU.ActiveCfg = Debug|Any CPU
		{3A515270-3AF5-4E8E-BA6E-B7A4317CABEC}.Debug|Any CPU.Build.0 = Debug|Any CPU
		{3A515270-3AF5-4E8E-BA6E-B7A4317CABEC}.Release|Any CPU.ActiveCfg = Release|Any CPU
		{3A515270-3AF5-4E8E-BA6E-B7A4317CABEC}.Release|Any CPU.Build.0 = Release|Any CPU
	EndGlobalSection
	GlobalSection(SolutionProperties) = preSolution
		HideSolutionNode = FALSE
	EndGlobalSection
	GlobalSection(ExtensibilityGlobals) = postSolution
		SolutionGuid = {B4442F57-220B-4C6E-80AB-4BACCB2C3F20}
	EndGlobalSection
EndGlobal
